// !$*UTF8*$!
{
	archiveVersion = 1;
	classes = {
	};
	objectVersion = 55;
	objects = {

/* Begin PBXBuildFile section */
		4D100CE0280CD65C004D41D5 /* CampusCafe.swift in Sources */ = {isa = PBXBuildFile; fileRef = 4D100CDF280CD65C004D41D5 /* CampusCafe.swift */; };
		4D100CE2280CD65C004D41D5 /* ContentView.swift in Sources */ = {isa = PBXBuildFile; fileRef = 4D100CE1280CD65C004D41D5 /* ContentView.swift */; };
		4D100CE7280CD664004D41D5 /* Preview Assets.xcassets in Resources */ = {isa = PBXBuildFile; fileRef = 4D100CE6280CD664004D41D5 /* Preview Assets.xcassets */; };
		4D100CEE280CD73E004D41D5 /* Assets.xcassets in Resources */ = {isa = PBXBuildFile; fileRef = 4D100CED280CD73E004D41D5 /* Assets.xcassets */; };
		4D100CF3280CF3E2004D41D5 /* Location.swift in Sources */ = {isa = PBXBuildFile; fileRef = 4D100CF2280CF3E2004D41D5 /* Location.swift */; };
		4D100CF6280CF5BF004D41D5 /* LocationsDataService.swift in Sources */ = {isa = PBXBuildFile; fileRef = 4D100CF5280CF5BF004D41D5 /* LocationsDataService.swift */; };
		4D107050280CFD2700B9AA0C /* LocationsView.swift in Sources */ = {isa = PBXBuildFile; fileRef = 4D10704F280CFD2700B9AA0C /* LocationsView.swift */; };
		4D107052280D0A6500B9AA0C /* LocationsViewModel.swift in Sources */ = {isa = PBXBuildFile; fileRef = 4D107051280D0A6500B9AA0C /* LocationsViewModel.swift */; };
		4D175B82281753480042F6C7 /* RandomDrinkView.swift in Sources */ = {isa = PBXBuildFile; fileRef = 4D175B81281753480042F6C7 /* RandomDrinkView.swift */; };
		4D175B84281760760042F6C7 /* RandomDrinkDetailView.swift in Sources */ = {isa = PBXBuildFile; fileRef = 4D175B83281760760042F6C7 /* RandomDrinkDetailView.swift */; };
		4D4C4A6F2814D8E7000712B6 /* DrinkDataService.swift in Sources */ = {isa = PBXBuildFile; fileRef = 4D4C4A6E2814D8E7000712B6 /* DrinkDataService.swift */; };
		4D4C4A712814D9DB000712B6 /* Drink.swift in Sources */ = {isa = PBXBuildFile; fileRef = 4D4C4A702814D9DB000712B6 /* Drink.swift */; };
		4D4D22E5280E1D6700A95C64 /* LocationsListView.swift in Sources */ = {isa = PBXBuildFile; fileRef = 4D4D22E4280E1D6700A95C64 /* LocationsListView.swift */; };
		4D9D043A2810BABE004AE766 /* LocationMapAnnotationView.swift in Sources */ = {isa = PBXBuildFile; fileRef = 4D9D04392810BABE004AE766 /* LocationMapAnnotationView.swift */; };
		4D9D043C2810EEA4004AE766 /* LocationDetailView.swift in Sources */ = {isa = PBXBuildFile; fileRef = 4D9D043B2810EEA3004AE766 /* LocationDetailView.swift */; };
		4DEAD280280F8F2A00B2BAA1 /* LocationPreviewView.swift in Sources */ = {isa = PBXBuildFile; fileRef = 4DEAD27F280F8F2A00B2BAA1 /* LocationPreviewView.swift */; };
		4DF8D8372814B7E9003B4251 /* Images.xcassets in Resources */ = {isa = PBXBuildFile; fileRef = 4DF8D8362814B7E9003B4251 /* Images.xcassets */; };
		854689A6281F711B00B9243C /* RandomCafeView.swift in Sources */ = {isa = PBXBuildFile; fileRef = 854689A5281F711B00B9243C /* RandomCafeView.swift */; };
/* End PBXBuildFile section */

/* Begin PBXFileReference section */
		4D100CDC280CD65C004D41D5 /* CampusCafe.app */ = {isa = PBXFileReference; explicitFileType = wrapper.application; includeInIndex = 0; path = CampusCafe.app; sourceTree = BUILT_PRODUCTS_DIR; };
		4D100CDF280CD65C004D41D5 /* CampusCafe.swift */ = {isa = PBXFileReference; lastKnownFileType = sourcecode.swift; path = CampusCafe.swift; sourceTree = "<group>"; };
		4D100CE1280CD65C004D41D5 /* ContentView.swift */ = {isa = PBXFileReference; lastKnownFileType = sourcecode.swift; path = ContentView.swift; sourceTree = "<group>"; };
		4D100CE6280CD664004D41D5 /* Preview Assets.xcassets */ = {isa = PBXFileReference; lastKnownFileType = folder.assetcatalog; path = "Preview Assets.xcassets"; sourceTree = "<group>"; };
		4D100CED280CD73E004D41D5 /* Assets.xcassets */ = {isa = PBXFileReference; lastKnownFileType = folder.assetcatalog; path = Assets.xcassets; sourceTree = "<group>"; };
		4D100CF2280CF3E2004D41D5 /* Location.swift */ = {isa = PBXFileReference; lastKnownFileType = sourcecode.swift; path = Location.swift; sourceTree = "<group>"; };
		4D100CF5280CF5BF004D41D5 /* LocationsDataService.swift */ = {isa = PBXFileReference; fileEncoding = 4; lastKnownFileType = sourcecode.swift; path = LocationsDataService.swift; sourceTree = "<group>"; };
		4D10704F280CFD2700B9AA0C /* LocationsView.swift */ = {isa = PBXFileReference; lastKnownFileType = sourcecode.swift; path = LocationsView.swift; sourceTree = "<group>"; };
		4D107051280D0A6500B9AA0C /* LocationsViewModel.swift */ = {isa = PBXFileReference; lastKnownFileType = sourcecode.swift; path = LocationsViewModel.swift; sourceTree = "<group>"; };
		4D175B81281753480042F6C7 /* RandomDrinkView.swift */ = {isa = PBXFileReference; lastKnownFileType = sourcecode.swift; path = RandomDrinkView.swift; sourceTree = "<group>"; };
		4D175B83281760760042F6C7 /* RandomDrinkDetailView.swift */ = {isa = PBXFileReference; lastKnownFileType = sourcecode.swift; path = RandomDrinkDetailView.swift; sourceTree = "<group>"; };
		4D4C4A6E2814D8E7000712B6 /* DrinkDataService.swift */ = {isa = PBXFileReference; lastKnownFileType = sourcecode.swift; path = DrinkDataService.swift; sourceTree = "<group>"; };
		4D4C4A702814D9DB000712B6 /* Drink.swift */ = {isa = PBXFileReference; lastKnownFileType = sourcecode.swift; path = Drink.swift; sourceTree = "<group>"; };
		4D4D22E4280E1D6700A95C64 /* LocationsListView.swift */ = {isa = PBXFileReference; lastKnownFileType = sourcecode.swift; path = LocationsListView.swift; sourceTree = "<group>"; };
		4D8748FF2813BD89006B760E /* Info.plist */ = {isa = PBXFileReference; lastKnownFileType = text.plist; path = Info.plist; sourceTree = "<group>"; };
		4D9D04392810BABE004AE766 /* LocationMapAnnotationView.swift */ = {isa = PBXFileReference; lastKnownFileType = sourcecode.swift; path = LocationMapAnnotationView.swift; sourceTree = "<group>"; };
		4D9D043B2810EEA3004AE766 /* LocationDetailView.swift */ = {isa = PBXFileReference; lastKnownFileType = sourcecode.swift; path = LocationDetailView.swift; sourceTree = "<group>"; };
		4DEAD27F280F8F2A00B2BAA1 /* LocationPreviewView.swift */ = {isa = PBXFileReference; lastKnownFileType = sourcecode.swift; path = LocationPreviewView.swift; sourceTree = "<group>"; };
		4DF8D8362814B7E9003B4251 /* Images.xcassets */ = {isa = PBXFileReference; lastKnownFileType = folder.assetcatalog; path = Images.xcassets; sourceTree = "<group>"; };
		854689A5281F711B00B9243C /* RandomCafeView.swift */ = {isa = PBXFileReference; lastKnownFileType = sourcecode.swift; path = RandomCafeView.swift; sourceTree = "<group>"; };
/* End PBXFileReference section */

/* Begin PBXFrameworksBuildPhase section */
		4D100CD9280CD65C004D41D5 /* Frameworks */ = {
			isa = PBXFrameworksBuildPhase;
			buildActionMask = 2147483647;
			files = (
			);
			runOnlyForDeploymentPostprocessing = 0;
		};
/* End PBXFrameworksBuildPhase section */

/* Begin PBXGroup section */
		4D100CD3280CD65C004D41D5 = {
			isa = PBXGroup;
			children = (
				4D100CDE280CD65C004D41D5 /* CampusCafe */,
				4D100CDD280CD65C004D41D5 /* Products */,
			);
			sourceTree = "<group>";
		};
		4D100CDD280CD65C004D41D5 /* Products */ = {
			isa = PBXGroup;
			children = (
				4D100CDC280CD65C004D41D5 /* CampusCafe.app */,
			);
			name = Products;
			sourceTree = "<group>";
		};
		4D100CDE280CD65C004D41D5 /* CampusCafe */ = {
			isa = PBXGroup;
			children = (
				4D8748FF2813BD89006B760E /* Info.plist */,
				4D100CDF280CD65C004D41D5 /* CampusCafe.swift */,
				4D100CE1280CD65C004D41D5 /* ContentView.swift */,
				4D100CF4280CF580004D41D5 /* DataServices */,
				4D100CF0280CF375004D41D5 /* Views */,
				4D100CF1280CF37D004D41D5 /* ViewModels */,
				4D100CEF280CF358004D41D5 /* Models */,
				4D100CED280CD73E004D41D5 /* Assets.xcassets */,
				4D100CE5280CD664004D41D5 /* Preview Content */,
				4DF8D8362814B7E9003B4251 /* Images.xcassets */,
			);
			path = CampusCafe;
			sourceTree = "<group>";
		};
		4D100CE5280CD664004D41D5 /* Preview Content */ = {
			isa = PBXGroup;
			children = (
				4D100CE6280CD664004D41D5 /* Preview Assets.xcassets */,
			);
			path = "Preview Content";
			sourceTree = "<group>";
		};
		4D100CEF280CF358004D41D5 /* Models */ = {
			isa = PBXGroup;
			children = (
				4D100CF2280CF3E2004D41D5 /* Location.swift */,
				4D4C4A702814D9DB000712B6 /* Drink.swift */,
			);
			path = Models;
			sourceTree = "<group>";
		};
		4D100CF0280CF375004D41D5 /* Views */ = {
			isa = PBXGroup;
			children = (
				4D10704F280CFD2700B9AA0C /* LocationsView.swift */,
				4D4D22E4280E1D6700A95C64 /* LocationsListView.swift */,
				4DEAD27F280F8F2A00B2BAA1 /* LocationPreviewView.swift */,
				4D9D04392810BABE004AE766 /* LocationMapAnnotationView.swift */,
				4D9D043B2810EEA3004AE766 /* LocationDetailView.swift */,
				4D175B81281753480042F6C7 /* RandomDrinkView.swift */,
				4D175B83281760760042F6C7 /* RandomDrinkDetailView.swift */,
				854689A5281F711B00B9243C /* RandomCafeView.swift */,
			);
			path = Views;
			sourceTree = "<group>";
		};
		4D100CF1280CF37D004D41D5 /* ViewModels */ = {
			isa = PBXGroup;
			children = (
				4D107051280D0A6500B9AA0C /* LocationsViewModel.swift */,
			);
			path = ViewModels;
			sourceTree = "<group>";
		};
		4D100CF4280CF580004D41D5 /* DataServices */ = {
			isa = PBXGroup;
			children = (
				4D100CF5280CF5BF004D41D5 /* LocationsDataService.swift */,
				4D4C4A6E2814D8E7000712B6 /* DrinkDataService.swift */,
			);
			path = DataServices;
			sourceTree = "<group>";
		};
/* End PBXGroup section */

/* Begin PBXNativeTarget section */
		4D100CDB280CD65C004D41D5 /* CampusCafe */ = {
			isa = PBXNativeTarget;
			buildConfigurationList = 4D100CEA280CD664004D41D5 /* Build configuration list for PBXNativeTarget "CampusCafe" */;
			buildPhases = (
				4D100CD8280CD65C004D41D5 /* Sources */,
				4D100CD9280CD65C004D41D5 /* Frameworks */,
				4D100CDA280CD65C004D41D5 /* Resources */,
			);
			buildRules = (
			);
			dependencies = (
			);
			name = CampusCafe;
			productName = CafeMapApp;
			productReference = 4D100CDC280CD65C004D41D5 /* CampusCafe.app */;
			productType = "com.apple.product-type.application";
		};
/* End PBXNativeTarget section */

/* Begin PBXProject section */
		4D100CD4280CD65C004D41D5 /* Project object */ = {
			isa = PBXProject;
			attributes = {
				BuildIndependentTargetsInParallel = 1;
				LastSwiftUpdateCheck = 1330;
				LastUpgradeCheck = 1330;
				TargetAttributes = {
					4D100CDB280CD65C004D41D5 = {
						CreatedOnToolsVersion = 13.3.1;
					};
				};
			};
			buildConfigurationList = 4D100CD7280CD65C004D41D5 /* Build configuration list for PBXProject "CampusCafe" */;
			compatibilityVersion = "Xcode 13.0";
			developmentRegion = en;
			hasScannedForEncodings = 0;
			knownRegions = (
				en,
				Base,
			);
			mainGroup = 4D100CD3280CD65C004D41D5;
			productRefGroup = 4D100CDD280CD65C004D41D5 /* Products */;
			projectDirPath = "";
			projectRoot = "";
			targets = (
				4D100CDB280CD65C004D41D5 /* CampusCafe */,
			);
		};
/* End PBXProject section */

/* Begin PBXResourcesBuildPhase section */
		4D100CDA280CD65C004D41D5 /* Resources */ = {
			isa = PBXResourcesBuildPhase;
			buildActionMask = 2147483647;
			files = (
				4DF8D8372814B7E9003B4251 /* Images.xcassets in Resources */,
				4D100CEE280CD73E004D41D5 /* Assets.xcassets in Resources */,
				4D100CE7280CD664004D41D5 /* Preview Assets.xcassets in Resources */,
			);
			runOnlyForDeploymentPostprocessing = 0;
		};
/* End PBXResourcesBuildPhase section */

/* Begin PBXSourcesBuildPhase section */
		4D100CD8280CD65C004D41D5 /* Sources */ = {
			isa = PBXSourcesBuildPhase;
			buildActionMask = 2147483647;
			files = (
				4D100CF6280CF5BF004D41D5 /* LocationsDataService.swift in Sources */,
				4D9D043A2810BABE004AE766 /* LocationMapAnnotationView.swift in Sources */,
				4D175B82281753480042F6C7 /* RandomDrinkView.swift in Sources */,
				4D4D22E5280E1D6700A95C64 /* LocationsListView.swift in Sources */,
				4D4C4A6F2814D8E7000712B6 /* DrinkDataService.swift in Sources */,
				4D175B84281760760042F6C7 /* RandomDrinkDetailView.swift in Sources */,
				4DEAD280280F8F2A00B2BAA1 /* LocationPreviewView.swift in Sources */,
				4D107052280D0A6500B9AA0C /* LocationsViewModel.swift in Sources */,
				4D100CE2280CD65C004D41D5 /* ContentView.swift in Sources */,
				4D107050280CFD2700B9AA0C /* LocationsView.swift in Sources */,
				4D100CF3280CF3E2004D41D5 /* Location.swift in Sources */,
				4D9D043C2810EEA4004AE766 /* LocationDetailView.swift in Sources */,
				4D4C4A712814D9DB000712B6 /* Drink.swift in Sources */,
				854689A6281F711B00B9243C /* RandomCafeView.swift in Sources */,
				4D100CE0280CD65C004D41D5 /* CampusCafe.swift in Sources */,
			);
			runOnlyForDeploymentPostprocessing = 0;
		};
/* End PBXSourcesBuildPhase section */

/* Begin XCBuildConfiguration section */
		4D100CE8280CD664004D41D5 /* Debug */ = {
			isa = XCBuildConfiguration;
			buildSettings = {
				ALWAYS_SEARCH_USER_PATHS = NO;
				CLANG_ANALYZER_NONNULL = YES;
				CLANG_ANALYZER_NUMBER_OBJECT_CONVERSION = YES_AGGRESSIVE;
				CLANG_CXX_LANGUAGE_STANDARD = "gnu++17";
				CLANG_ENABLE_MODULES = YES;
				CLANG_ENABLE_OBJC_ARC = YES;
				CLANG_ENABLE_OBJC_WEAK = YES;
				CLANG_WARN_BLOCK_CAPTURE_AUTORELEASING = YES;
				CLANG_WARN_BOOL_CONVERSION = YES;
				CLANG_WARN_COMMA = YES;
				CLANG_WARN_CONSTANT_CONVERSION = YES;
				CLANG_WARN_DEPRECATED_OBJC_IMPLEMENTATIONS = YES;
				CLANG_WARN_DIRECT_OBJC_ISA_USAGE = YES_ERROR;
				CLANG_WARN_DOCUMENTATION_COMMENTS = YES;
				CLANG_WARN_EMPTY_BODY = YES;
				CLANG_WARN_ENUM_CONVERSION = YES;
				CLANG_WARN_INFINITE_RECURSION = YES;
				CLANG_WARN_INT_CONVERSION = YES;
				CLANG_WARN_NON_LITERAL_NULL_CONVERSION = YES;
				CLANG_WARN_OBJC_IMPLICIT_RETAIN_SELF = YES;
				CLANG_WARN_OBJC_LITERAL_CONVERSION = YES;
				CLANG_WARN_OBJC_ROOT_CLASS = YES_ERROR;
				CLANG_WARN_QUOTED_INCLUDE_IN_FRAMEWORK_HEADER = YES;
				CLANG_WARN_RANGE_LOOP_ANALYSIS = YES;
				CLANG_WARN_STRICT_PROTOTYPES = YES;
				CLANG_WARN_SUSPICIOUS_MOVE = YES;
				CLANG_WARN_UNGUARDED_AVAILABILITY = YES_AGGRESSIVE;
				CLANG_WARN_UNREACHABLE_CODE = YES;
				CLANG_WARN__DUPLICATE_METHOD_MATCH = YES;
				COPY_PHASE_STRIP = NO;
				DEBUG_INFORMATION_FORMAT = dwarf;
				ENABLE_STRICT_OBJC_MSGSEND = YES;
				ENABLE_TESTABILITY = YES;
				GCC_C_LANGUAGE_STANDARD = gnu11;
				GCC_DYNAMIC_NO_PIC = NO;
				GCC_NO_COMMON_BLOCKS = YES;
				GCC_OPTIMIZATION_LEVEL = 0;
				GCC_PREPROCESSOR_DEFINITIONS = (
					"DEBUG=1",
					"$(inherited)",
				);
				GCC_WARN_64_TO_32_BIT_CONVERSION = YES;
				GCC_WARN_ABOUT_RETURN_TYPE = YES_ERROR;
				GCC_WARN_UNDECLARED_SELECTOR = YES;
				GCC_WARN_UNINITIALIZED_AUTOS = YES_AGGRESSIVE;
				GCC_WARN_UNUSED_FUNCTION = YES;
				GCC_WARN_UNUSED_VARIABLE = YES;
				IPHONEOS_DEPLOYMENT_TARGET = 15.4;
				MTL_ENABLE_DEBUG_INFO = INCLUDE_SOURCE;
				MTL_FAST_MATH = YES;
				ONLY_ACTIVE_ARCH = YES;
				SDKROOT = iphoneos;
				SWIFT_ACTIVE_COMPILATION_CONDITIONS = DEBUG;
				SWIFT_OPTIMIZATION_LEVEL = "-Onone";
			};
			name = Debug;
		};
		4D100CE9280CD664004D41D5 /* Release */ = {
			isa = XCBuildConfiguration;
			buildSettings = {
				ALWAYS_SEARCH_USER_PATHS = NO;
				CLANG_ANALYZER_NONNULL = YES;
				CLANG_ANALYZER_NUMBER_OBJECT_CONVERSION = YES_AGGRESSIVE;
				CLANG_CXX_LANGUAGE_STANDARD = "gnu++17";
				CLANG_ENABLE_MODULES = YES;
				CLANG_ENABLE_OBJC_ARC = YES;
				CLANG_ENABLE_OBJC_WEAK = YES;
				CLANG_WARN_BLOCK_CAPTURE_AUTORELEASING = YES;
				CLANG_WARN_BOOL_CONVERSION = YES;
				CLANG_WARN_COMMA = YES;
				CLANG_WARN_CONSTANT_CONVERSION = YES;
				CLANG_WARN_DEPRECATED_OBJC_IMPLEMENTATIONS = YES;
				CLANG_WARN_DIRECT_OBJC_ISA_USAGE = YES_ERROR;
				CLANG_WARN_DOCUMENTATION_COMMENTS = YES;
				CLANG_WARN_EMPTY_BODY = YES;
				CLANG_WARN_ENUM_CONVERSION = YES;
				CLANG_WARN_INFINITE_RECURSION = YES;
				CLANG_WARN_INT_CONVERSION = YES;
				CLANG_WARN_NON_LITERAL_NULL_CONVERSION = YES;
				CLANG_WARN_OBJC_IMPLICIT_RETAIN_SELF = YES;
				CLANG_WARN_OBJC_LITERAL_CONVERSION = YES;
				CLANG_WARN_OBJC_ROOT_CLASS = YES_ERROR;
				CLANG_WARN_QUOTED_INCLUDE_IN_FRAMEWORK_HEADER = YES;
				CLANG_WARN_RANGE_LOOP_ANALYSIS = YES;
				CLANG_WARN_STRICT_PROTOTYPES = YES;
				CLANG_WARN_SUSPICIOUS_MOVE = YES;
				CLANG_WARN_UNGUARDED_AVAILABILITY = YES_AGGRESSIVE;
				CLANG_WARN_UNREACHABLE_CODE = YES;
				CLANG_WARN__DUPLICATE_METHOD_MATCH = YES;
				COPY_PHASE_STRIP = NO;
				DEBUG_INFORMATION_FORMAT = "dwarf-with-dsym";
				ENABLE_NS_ASSERTIONS = NO;
				ENABLE_STRICT_OBJC_MSGSEND = YES;
				GCC_C_LANGUAGE_STANDARD = gnu11;
				GCC_NO_COMMON_BLOCKS = YES;
				GCC_WARN_64_TO_32_BIT_CONVERSION = YES;
				GCC_WARN_ABOUT_RETURN_TYPE = YES_ERROR;
				GCC_WARN_UNDECLARED_SELECTOR = YES;
				GCC_WARN_UNINITIALIZED_AUTOS = YES_AGGRESSIVE;
				GCC_WARN_UNUSED_FUNCTION = YES;
				GCC_WARN_UNUSED_VARIABLE = YES;
				IPHONEOS_DEPLOYMENT_TARGET = 15.4;
				MTL_ENABLE_DEBUG_INFO = NO;
				MTL_FAST_MATH = YES;
				SDKROOT = iphoneos;
				SWIFT_COMPILATION_MODE = wholemodule;
				SWIFT_OPTIMIZATION_LEVEL = "-O";
				VALIDATE_PRODUCT = YES;
			};
			name = Release;
		};
		4D100CEB280CD664004D41D5 /* Debug */ = {
			isa = XCBuildConfiguration;
			buildSettings = {
				ASSETCATALOG_COMPILER_APPICON_NAME = AppIcon;
				ASSETCATALOG_COMPILER_GLOBAL_ACCENT_COLOR_NAME = AccentColor;
				ASSETCATALOG_COMPILER_INCLUDE_ALL_APPICON_ASSETS = NO;
				CODE_SIGN_STYLE = Automatic;
				CURRENT_PROJECT_VERSION = 1;
				DEVELOPMENT_ASSET_PATHS = "\"CampusCafe/Preview Content\"";
				DEVELOPMENT_TEAM = DZC46XATNP;
				ENABLE_PREVIEWS = YES;
				GENERATE_INFOPLIST_FILE = YES;
				INFOPLIST_FILE = CampusCafe/Info.plist;
				INFOPLIST_KEY_UIApplicationSceneManifest_Generation = YES;
				INFOPLIST_KEY_UIApplicationSupportsIndirectInputEvents = YES;
				INFOPLIST_KEY_UISupportedInterfaceOrientations_iPad = "UIInterfaceOrientationPortrait UIInterfaceOrientationPortraitUpsideDown UIInterfaceOrientationLandscapeLeft UIInterfaceOrientationLandscapeRight";
				INFOPLIST_KEY_UISupportedInterfaceOrientations_iPhone = "UIInterfaceOrientationPortrait UIInterfaceOrientationLandscapeLeft UIInterfaceOrientationLandscapeRight";
				LD_RUNPATH_SEARCH_PATHS = (
					"$(inherited)",
					"@executable_path/Frameworks",
				);
				MARKETING_VERSION = 1.0;
				PRODUCT_BUNDLE_IDENTIFIER = com.michellegantos.CafeMapApp;
				PRODUCT_NAME = "$(TARGET_NAME)";
				SWIFT_EMIT_LOC_STRINGS = YES;
				SWIFT_VERSION = 5.0;
				TARGETED_DEVICE_FAMILY = "1,2";
			};
			name = Debug;
		};
		4D100CEC280CD664004D41D5 /* Release */ = {
			isa = XCBuildConfiguration;
			buildSettings = {
				ASSETCATALOG_COMPILER_APPICON_NAME = AppIcon;
				ASSETCATALOG_COMPILER_GLOBAL_ACCENT_COLOR_NAME = AccentColor;
				ASSETCATALOG_COMPILER_INCLUDE_ALL_APPICON_ASSETS = NO;
				CODE_SIGN_STYLE = Automatic;
				CURRENT_PROJECT_VERSION = 1;
				DEVELOPMENT_ASSET_PATHS = "\"CampusCafe/Preview Content\"";
				DEVELOPMENT_TEAM = DZC46XATNP;
				ENABLE_PREVIEWS = YES;
				GENERATE_INFOPLIST_FILE = YES;
				INFOPLIST_FILE = CampusCafe/Info.plist;
				INFOPLIST_KEY_UIApplicationSceneManifest_Generation = YES;
				INFOPLIST_KEY_UIApplicationSupportsIndirectInputEvents = YES;
				INFOPLIST_KEY_UISupportedInterfaceOrientations_iPad = "UIInterfaceOrientationPortrait UIInterfaceOrientationPortraitUpsideDown UIInterfaceOrientationLandscapeLeft UIInterfaceOrientationLandscapeRight";
				INFOPLIST_KEY_UISupportedInterfaceOrientations_iPhone = "UIInterfaceOrientationPortrait UIInterfaceOrientationLandscapeLeft UIInterfaceOrientationLandscapeRight";
				LD_RUNPATH_SEARCH_PATHS = (
					"$(inherited)",
					"@executable_path/Frameworks",
				);
				MARKETING_VERSION = 1.0;
				PRODUCT_BUNDLE_IDENTIFIER = com.michellegantos.CafeMapApp;
				PRODUCT_NAME = "$(TARGET_NAME)";
				SWIFT_EMIT_LOC_STRINGS = YES;
				SWIFT_VERSION = 5.0;
				TARGETED_DEVICE_FAMILY = "1,2";
			};
			name = Release;
		};
/* End XCBuildConfiguration section */

/* Begin XCConfigurationList section */
		4D100CD7280CD65C004D41D5 /* Build configuration list for PBXProject "CampusCafe" */ = {
			isa = XCConfigurationList;
			buildConfigurations = (
				4D100CE8280CD664004D41D5 /* Debug */,
				4D100CE9280CD664004D41D5 /* Release */,
			);
			defaultConfigurationIsVisible = 0;
			defaultConfigurationName = Release;
		};
		4D100CEA280CD664004D41D5 /* Build configuration list for PBXNativeTarget "CampusCafe" */ = {
			isa = XCConfigurationList;
			buildConfigurations = (
				4D100CEB280CD664004D41D5 /* Debug */,
				4D100CEC280CD664004D41D5 /* Release */,
			);
			defaultConfigurationIsVisible = 0;
			defaultConfigurationName = Release;
		};
/* End XCConfigurationList section */
	};
	rootObject = 4D100CD4280CD65C004D41D5 /* Project object */;
}
